
Microsoft Visual Studio Solution File, Format Version 12.00
Project("{2150E333-8FDC-42A3-9474-1A3956D46DE8}") = "src", "src", "{8179D95B-676F-47E3-ABCF-C9EB4D13BBE8}"
EndProject
Project("{FAE04EC0-301F-11D3-BF4B-00C04F79EFBC}") = "RaceDay.Core", "src\RaceDay.Core\RaceDay.Core.csproj", "{0EA4462E-D25E-47DC-9A8E-1206D7695611}"
EndProject
Project("{FAE04EC0-301F-11D3-BF4B-00C04F79EFBC}") = "RaceDay.CLI", "src\RaceDay.CLI\RaceDay.CLI.csproj", "{751B75F8-3B96-4023-81FC-E6794CE83B76}"
EndProject
Project("{FAE04EC0-301F-11D3-BF4B-00C04F79EFBC}") = "RaceDay.Web", "src\RaceDay.Web\RaceDay.Web.csproj", "{6923CC71-B542-4BCB-B379-DA4F239A2365}"
EndProject
Global
	GlobalSection(SolutionConfigurationPlatforms) = preSolution
		Debug|Any CPU = Debug|Any CPU
		Debug|x64 = Debug|x64
		Debug|x86 = Debug|x86
		Release|Any CPU = Release|Any CPU
		Release|x64 = Release|x64
		Release|x86 = Release|x86
	EndGlobalSection
	GlobalSection(ProjectConfigurationPlatforms) = postSolution
		{0EA4462E-D25E-47DC-9A8E-1206D7695611}.Debug|Any CPU.ActiveCfg = Debug|Any CPU
		{0EA4462E-D25E-47DC-9A8E-1206D7695611}.Debug|Any CPU.Build.0 = Debug|Any CPU
		{0EA4462E-D25E-47DC-9A8E-1206D7695611}.Debug|x64.ActiveCfg = Debug|Any CPU
		{0EA4462E-D25E-47DC-9A8E-1206D7695611}.Debug|x64.Build.0 = Debug|Any CPU
		{0EA4462E-D25E-47DC-9A8E-1206D7695611}.Debug|x86.ActiveCfg = Debug|Any CPU
		{0EA4462E-D25E-47DC-9A8E-1206D7695611}.Debug|x86.Build.0 = Debug|Any CPU
		{0EA4462E-D25E-47DC-9A8E-1206D7695611}.Release|Any CPU.ActiveCfg = Release|Any CPU
		{0EA4462E-D25E-47DC-9A8E-1206D7695611}.Release|Any CPU.Build.0 = Release|Any CPU
		{0EA4462E-D25E-47DC-9A8E-1206D7695611}.Release|x64.ActiveCfg = Release|Any CPU
		{0EA4462E-D25E-47DC-9A8E-1206D7695611}.Release|x64.Build.0 = Release|Any CPU
		{0EA4462E-D25E-47DC-9A8E-1206D7695611}.Release|x86.ActiveCfg = Release|Any CPU
		{0EA4462E-D25E-47DC-9A8E-1206D7695611}.Release|x86.Build.0 = Release|Any CPU
		{751B75F8-3B96-4023-81FC-E6794CE83B76}.Debug|Any CPU.ActiveCfg = Debug|Any CPU
		{751B75F8-3B96-4023-81FC-E6794CE83B76}.Debug|Any CPU.Build.0 = Debug|Any CPU
		{751B75F8-3B96-4023-81FC-E6794CE83B76}.Debug|x64.ActiveCfg = Debug|Any CPU
		{751B75F8-3B96-4023-81FC-E6794CE83B76}.Debug|x64.Build.0 = Debug|Any CPU
		{751B75F8-3B96-4023-81FC-E6794CE83B76}.Debug|x86.ActiveCfg = Debug|Any CPU
		{751B75F8-3B96-4023-81FC-E6794CE83B76}.Debug|x86.Build.0 = Debug|Any CPU
		{751B75F8-3B96-4023-81FC-E6794CE83B76}.Release|Any CPU.ActiveCfg = Release|Any CPU
		{751B75F8-3B96-4023-81FC-E6794CE83B76}.Release|Any CPU.Build.0 = Release|Any CPU
		{751B75F8-3B96-4023-81FC-E6794CE83B76}.Release|x64.ActiveCfg = Release|Any CPU
		{751B75F8-3B96-4023-81FC-E6794CE83B76}.Release|x64.Build.0 = Release|Any CPU
		{751B75F8-3B96-4023-81FC-E6794CE83B76}.Release|x86.ActiveCfg = Release|Any CPU
		{751B75F8-3B96-4023-81FC-E6794CE83B76}.Release|x86.Build.0 = Release|Any CPU
		{6923CC71-B542-4BCB-B379-DA4F239A2365}.Debug|Any CPU.ActiveCfg = Debug|Any CPU
		{6923CC71-B542-4BCB-B379-DA4F239A2365}.Debug|Any CPU.Build.0 = Debug|Any CPU
		{6923CC71-B542-4BCB-B379-DA4F239A2365}.Debug|x64.ActiveCfg = Debug|Any CPU
		{6923CC71-B542-4BCB-B379-DA4F239A2365}.Debug|x64.Build.0 = Debug|Any CPU
		{6923CC71-B542-4BCB-B379-DA4F239A2365}.Debug|x86.ActiveCfg = Debug|Any CPU
		{6923CC71-B542-4BCB-B379-DA4F239A2365}.Debug|x86.Build.0 = Debug|Any CPU
		{6923CC71-B542-4BCB-B379-DA4F239A2365}.Release|Any CPU.ActiveCfg = Release|Any CPU
		{6923CC71-B542-4BCB-B379-DA4F239A2365}.Release|Any CPU.Build.0 = Release|Any CPU
		{6923CC71-B542-4BCB-B379-DA4F239A2365}.Release|x64.ActiveCfg = Release|Any CPU
		{6923CC71-B542-4BCB-B379-DA4F239A2365}.Release|x64.Build.0 = Release|Any CPU
		{6923CC71-B542-4BCB-B379-DA4F239A2365}.Release|x86.ActiveCfg = Release|Any CPU
		{6923CC71-B542-4BCB-B379-DA4F239A2365}.Release|x86.Build.0 = Release|Any CPU
	EndGlobalSection
	GlobalSection(SolutionProperties) = preSolution
		HideSolutionNode = FALSE
	EndGlobalSection
	GlobalSection(NestedProjects) = preSolution
		{0EA4462E-D25E-47DC-9A8E-1206D7695611} = {8179D95B-676F-47E3-ABCF-C9EB4D13BBE8}
		{751B75F8-3B96-4023-81FC-E6794CE83B76} = {8179D95B-676F-47E3-ABCF-C9EB4D13BBE8}
		{6923CC71-B542-4BCB-B379-DA4F239A2365} = {8179D95B-676F-47E3-ABCF-C9EB4D13BBE8}
	EndGlobalSection
EndGlobal
